# This file was autogenerated by Stack.
# You should not edit this file by hand.
# For more information, please see the documentation at:
#   https://docs.haskellstack.org/en/stable/lock_files

packages:
- completed:
    hackage: JuicyPixels-3.3.5@sha256:5c67dc066d67f5045221a8202f701f4c77eab8220f44414c00fadcdc3e4f872b,3911
    pantry-tree:
      size: 2724
      sha256: e509268878581ec17929cab9ee6cc30ef05f6c203e760f49865547249fbb9d48
  original:
    hackage: JuicyPixels-3.3.5
- completed:
    hackage: random-1.1@sha256:7b67624fd76ddf97c206de0801dc7e888097e9d572974be9b9ea6551d76965df,1777
    pantry-tree:
      size: 637
      sha256: 14a1b01728c5584e87c9fa00746a66e28ffd89dd2c0eabd334c8463953496e1b
  original:
    hackage: random-1.1
- completed:
    hackage: Rasterific-0.7.5.2@sha256:95f2e3a1a10ca50c440afe57c41865607d3d4abe8770dd79fd009a866d5ebe73,6008
    pantry-tree:
      size: 7098
      sha256: 8bbf12edf269cf17a36201a651e925c25ed9f3f35369d4efd56c695c84dcd028
  original:
    hackage: Rasterific-0.7.5.2
- completed:
    hackage: mtl-2.2.2@sha256:1050fb71acd9f5d67da7d992583f5bd0eb14407b9dc7acc122af1b738b706ca3,2261
    pantry-tree:
      size: 1713
      sha256: b8bdc2259e2f943a7252fb164805666fe108ac959d398e0af27b43ba2ebc241c
  original:
    hackage: mtl-2.2.2
- completed:
    hackage: JuicyPixels-util-0.2@sha256:54df721dc1194e3f1934a7696274e12479851d26bd440e92fce58af5c11b7fa9,929
    pantry-tree:
      size: 222
      sha256: 0af4c927713168e03735d75e9b68fec8657bc5478b4fa1d294da9e4d463e044c
  original:
    hackage: JuicyPixels-util-0.2
- completed:
    hackage: conversion-1.2.1@sha256:8db4210950736e54be5cd7f7076c19e05d06fb48673eb23638093246a1e7199e,2155
    pantry-tree:
      size: 267
      sha256: f199f459ee8ab2ce5f41cb8199ca60a7ad4f7897a5c474e10126dff6035ca4e9
  original:
    hackage: conversion-1.2.1
snapshots:
- completed:
    size: 491372
    url: https://raw.githubusercontent.com/commercialhaskell/stackage-snapshots/master/lts/15/5.yaml
    sha256: 1b549cfff328040c382a70a84a2087aac8dab6d778bf92f32a93a771a1980dfc
  original: lts-15.5
