# This file was autogenerated by Stack.
# You should not edit this file by hand.
# For more information, please see the documentation at:
#   https://docs.haskellstack.org/en/stable/lock_files

packages:
- completed:
    hackage: JuicyPixels-3.3.5@sha256:5c67dc066d67f5045221a8202f701f4c77eab8220f44414c00fadcdc3e4f872b,3911
    pantry-tree:
      size: 2724
      sha256: e509268878581ec17929cab9ee6cc30ef05f6c203e760f49865547249fbb9d48
  original:
    hackage: JuicyPixels-3.3.5
- completed:
    hackage: JuicyPixels-canvas-0.1.0.0@sha256:5a4651a45cf88836cc3ec6d3f8bb0fa062ec8083d9a1906b81696fe90a473dda,1152
    pantry-tree:
      size: 230
      sha256: 227c29949c744c209f18f6f56922efa5d87ead399a93c87a7474424ab6846e65
  original:
    hackage: JuicyPixels-canvas-0.1.0.0
- completed:
    hackage: juicy-draw-0.2.0.0@sha256:436a9b67e8c1d976a08bd5932c00a7204848589df6c18df0dcec00aea584614a,1253
    pantry-tree:
      size: 395
      sha256: 67f1e16fe07671969621bf2e79848472bae9e949a28f75fca7867fe0af951c28
  original:
    hackage: juicy-draw-0.2.0.0
- completed:
    hackage: random-1.1@sha256:7b67624fd76ddf97c206de0801dc7e888097e9d572974be9b9ea6551d76965df,1777
    pantry-tree:
      size: 637
      sha256: 14a1b01728c5584e87c9fa00746a66e28ffd89dd2c0eabd334c8463953496e1b
  original:
    hackage: random-1.1
snapshots:
- completed:
    size: 491372
    url: https://raw.githubusercontent.com/commercialhaskell/stackage-snapshots/master/lts/15/5.yaml
    sha256: 1b549cfff328040c382a70a84a2087aac8dab6d778bf92f32a93a771a1980dfc
  original: lts-15.5
